
Microsoft Visual Studio Solution File, Format Version 12.00
# Visual Studio Version 16
VisualStudioVersion = 16.0.29905.134
MinimumVisualStudioVersion = 10.0.40219.1
Project("{8BC9CEB8-8B4A-11D0-8D11-00A0C91BC942}") = "12314", "12314.vcxproj", "{8D684FB8-FFC6-4F67-A67E-12ED5BD14334}"
EndProject
Global
	GlobalSection(SolutionConfigurationPlatforms) = preSolution
		Debug|x64 = Debug|x64
		Debug|x86 = Debug|x86
		Release|x64 = Release|x64
		Release|x86 = Release|x86
	EndGlobalSection
	GlobalSection(ProjectConfigurationPlatforms) = postSolution
		{8D684FB8-FFC6-4F67-A67E-12ED5BD14334}.Debug|x64.ActiveCfg = Debug|x64
		{8D684FB8-FFC6-4F67-A67E-12ED5BD14334}.Debug|x64.Build.0 = Debug|x64
		{8D684FB8-FFC6-4F67-A67E-12ED5BD14334}.Debug|x86.ActiveCfg = Debug|Win32
		{8D684FB8-FFC6-4F67-A67E-12ED5BD14334}.Debug|x86.Build.0 = Debug|Win32
		{8D684FB8-FFC6-4F67-A67E-12ED5BD14334}.Release|x64.ActiveCfg = Release|x64
		{8D684FB8-FFC6-4F67-A67E-12ED5BD14334}.Release|x64.Build.0 = Release|x64
		{8D684FB8-FFC6-4F67-A67E-12ED5BD14334}.Release|x86.ActiveCfg = Release|Win32
		{8D684FB8-FFC6-4F67-A67E-12ED5BD14334}.Release|x86.Build.0 = Release|Win32
	EndGlobalSection
	GlobalSection(SolutionProperties) = preSolution
		HideSolutionNode = FALSE
	EndGlobalSection
	GlobalSection(ExtensibilityGlobals) = postSolution
		SolutionGuid = {A0FE8D80-37CB-4A75-9FA4-D30A370A2C6A}
	EndGlobalSection
EndGlobal
