
Microsoft Visual Studio Solution File, Format Version 12.00
# Visual Studio Version 16
VisualStudioVersion = 16.0.30621.155
MinimumVisualStudioVersion = 10.0.40219.1
Project("{8BC9CEB8-8B4A-11D0-8D11-00A0C91BC942}") = "稀疏矩阵运算", "稀疏矩阵运算.vcxproj", "{48722D6A-DFDF-4F61-9E8D-14E1D9CD8ED2}"
EndProject
Global
	GlobalSection(SolutionConfigurationPlatforms) = preSolution
		Debug|x64 = Debug|x64
		Debug|x86 = Debug|x86
		Release|x64 = Release|x64
		Release|x86 = Release|x86
	EndGlobalSection
	GlobalSection(ProjectConfigurationPlatforms) = postSolution
		{48722D6A-DFDF-4F61-9E8D-14E1D9CD8ED2}.Debug|x64.ActiveCfg = Debug|x64
		{48722D6A-DFDF-4F61-9E8D-14E1D9CD8ED2}.Debug|x64.Build.0 = Debug|x64
		{48722D6A-DFDF-4F61-9E8D-14E1D9CD8ED2}.Debug|x86.ActiveCfg = Debug|Win32
		{48722D6A-DFDF-4F61-9E8D-14E1D9CD8ED2}.Debug|x86.Build.0 = Debug|Win32
		{48722D6A-DFDF-4F61-9E8D-14E1D9CD8ED2}.Release|x64.ActiveCfg = Release|x64
		{48722D6A-DFDF-4F61-9E8D-14E1D9CD8ED2}.Release|x64.Build.0 = Release|x64
		{48722D6A-DFDF-4F61-9E8D-14E1D9CD8ED2}.Release|x86.ActiveCfg = Release|Win32
		{48722D6A-DFDF-4F61-9E8D-14E1D9CD8ED2}.Release|x86.Build.0 = Release|Win32
	EndGlobalSection
	GlobalSection(SolutionProperties) = preSolution
		HideSolutionNode = FALSE
	EndGlobalSection
	GlobalSection(ExtensibilityGlobals) = postSolution
		SolutionGuid = {E15BD680-1D94-4456-B400-E6BC3AC16C5A}
	EndGlobalSection
EndGlobal
